
Microsoft Visual Studio Solution File, Format Version 12.00
Project("{FAE04EC0-301F-11D3-BF4B-00C04F79EFBC}") = "CsvMagic", "CsvMagic\CsvMagic.csproj", "{30AF6D56-6139-4F0B-B44D-236FD644F7C3}"
EndProject
Project("{FAE04EC0-301F-11D3-BF4B-00C04F79EFBC}") = "CsvMagicTests", "CsvMagicTests\CsvMagicTests.csproj", "{ED8D1857-2794-4EDF-8872-0146A4DB5908}"
EndProject
Global
	GlobalSection(SolutionConfigurationPlatforms) = preSolution
		Debug|Any CPU = Debug|Any CPU
		Release|Any CPU = Release|Any CPU
	EndGlobalSection
	GlobalSection(ProjectConfigurationPlatforms) = postSolution
		{30AF6D56-6139-4F0B-B44D-236FD644F7C3}.Debug|Any CPU.ActiveCfg = Debug|Any CPU
		{30AF6D56-6139-4F0B-B44D-236FD644F7C3}.Debug|Any CPU.Build.0 = Debug|Any CPU
		{30AF6D56-6139-4F0B-B44D-236FD644F7C3}.Release|Any CPU.ActiveCfg = Release|Any CPU
		{30AF6D56-6139-4F0B-B44D-236FD644F7C3}.Release|Any CPU.Build.0 = Release|Any CPU
		{ED8D1857-2794-4EDF-8872-0146A4DB5908}.Debug|Any CPU.ActiveCfg = Debug|Any CPU
		{ED8D1857-2794-4EDF-8872-0146A4DB5908}.Debug|Any CPU.Build.0 = Debug|Any CPU
		{ED8D1857-2794-4EDF-8872-0146A4DB5908}.Release|Any CPU.ActiveCfg = Release|Any CPU
		{ED8D1857-2794-4EDF-8872-0146A4DB5908}.Release|Any CPU.Build.0 = Release|Any CPU
	EndGlobalSection
EndGlobal
